github.com/Altronic-LLC/altronic_modbus v1.1.0 h1:yWb6BXPpS7C10bQao+AmVx6TFdpHQYDoCgtSHhe0lrA=
github.com/Altronic-LLC/altronic_modbus v1.1.0/go.mod h1:LmVQE7vmSSoY+lf7YIB/A9/XK9cLDPQIXUDclMLfhbI=
github.com/goburrow/serial v0.1.0 h1:v2T1SQa/dlUqQiYIT8+Cu7YolfqAi3K96UmhwYyuSrA=
github.com/goburrow/serial v0.1.0/go.mod h1:sAiqG0nRVswsm1C97xsttiYCzSLBmUZ/VSlVLZJ8haA=
